{
  "name": "upwork",
  "version": "1.0.0",
  "lockfileVersion": 1,
  "requires": true,
  "dependencies": {
    "@adraffy/ens-normalize": {
      "version": "1.10.1",
      "resolved": "https://registry.npmjs.org/@adraffy/ens-normalize/-/ens-normalize-1.10.1.tgz",
      "integrity": "sha512-96Z2IP3mYmF1Xg2cDm8f1gWGf/HUVedQ3FMifV4kG/PQ4yEP51xDtRAEfhVNt5f/uzpNkZHwWQuUcu6D6K+Ekw=="
    },
    "@ethereumjs/rlp": {
      "version": "4.0.1",
      "resolved": "https://registry.npmjs.org/@ethereumjs/rlp/-/rlp-4.0.1.tgz",
      "integrity": "sha512-tqsQiBQDQdmPWE1xkkBq4rlSW5QZpLOUJ5RJh2/9fug+q9tnUhuZoVLk7s0scUIKTOzEtR72DFBXI4WiZcMpvw=="
    },
    "@noble/curves": {
      "version": "1.3.0",
      "resolved": "https://registry.npmjs.org/@noble/curves/-/curves-1.3.0.tgz",
      "integrity": "sha512-t01iSXPuN+Eqzb4eBX0S5oubSqXbK/xXa1Ne18Hj8f9pStxztHCE2gfboSp/dZRLSqfuLpRK2nDXDK+W9puocA==",
      "requires": {
        "@noble/hashes": "1.3.3"
      }
    },
    "@noble/hashes": {
      "version": "1.3.3",
      "resolved": "https://registry.npmjs.org/@noble/hashes/-/hashes-1.3.3.tgz",
      "integrity": "sha512-V7/fPHgl+jsVPXqqeOzT8egNj2iBIVt+ECeMMG8TdcnTikP3oaBtUVqpT/gYCR68aEBJSF+XbYUxStjbFMqIIA=="
    },
    "@scure/base": {
      "version": "1.1.5",
      "resolved": "https://registry.npmjs.org/@scure/base/-/base-1.1.5.tgz",
      "integrity": "sha512-Brj9FiG2W1MRQSTB212YVPRrcbjkv48FoZi/u4l/zds/ieRrqsh7aUf6CLwkAq61oKXr/ZlTzlY66gLIj3TFTQ=="
    },
    "@scure/bip32": {
      "version": "1.3.3",
      "resolved": "https://registry.npmjs.org/@scure/bip32/-/bip32-1.3.3.tgz",
      "integrity": "sha512-LJaN3HwRbfQK0X1xFSi0Q9amqOgzQnnDngIt+ZlsBC3Bm7/nE7K0kwshZHyaru79yIVRv/e1mQAjZyuZG6jOFQ==",
      "requires": {
        "@noble/curves": "~1.3.0",
        "@noble/hashes": "~1.3.2",
        "@scure/base": "~1.1.4"
      }
    },
    "@scure/bip39": {
      "version": "1.2.2",
      "resolved": "https://registry.npmjs.org/@scure/bip39/-/bip39-1.2.2.tgz",
      "integrity": "sha512-HYf9TUXG80beW+hGAt3TRM8wU6pQoYur9iNypTROm42dorCGmLnFe3eWjz3gOq6G62H2WRh0FCzAR1PI+29zIA==",
      "requires": {
        "@noble/hashes": "~1.3.2",
        "@scure/base": "~1.1.4"
      }
    },
    "@types/node": {
      "version": "20.11.16",
      "resolved": "https://registry.npmjs.org/@types/node/-/node-20.11.16.tgz",
      "integrity": "sha512-gKb0enTmRCzXSSUJDq6/sPcqrfCv2mkkG6Jt/clpn5eiCbKTY+SgZUxo+p8ZKMof5dCp9vHQUAB7wOUTod22wQ==",
      "requires": {
        "undici-types": "~5.26.4"
      }
    },
    "@types/ws": {
      "version": "8.5.3",
      "resolved": "https://registry.npmjs.org/@types/ws/-/ws-8.5.3.tgz",
      "integrity": "sha512-6YOoWjruKj1uLf3INHH7D3qTXwFfEsg1kf3c0uDdSBJwfa/llkwIjrAGV7j7mVgGNbzTQ3HiHKKDXl6bJPD97w==",
      "requires": {
        "@types/node": "*"
      }
    },
    "abitype": {
      "version": "0.7.1",
      "resolved": "https://registry.npmjs.org/abitype/-/abitype-0.7.1.tgz",
      "integrity": "sha512-VBkRHTDZf9Myaek/dO3yMmOzB/y2s3Zo6nVU7yaw1G+TvCHAjwaJzNGN9yo4K5D8bU/VZXKP1EJpRhFr862PlQ=="
    },
    "assertion-error": {
      "version": "1.1.0",
      "resolved": "https://registry.npmjs.org/assertion-error/-/assertion-error-1.1.0.tgz",
      "integrity": "sha512-jgsaNduz+ndvGyFt3uSuWqvy4lCnIJiovtouQN5JZHOKCS2QuhEdbcQHFhVksz2N2U9hXJo8odG7ETyWlEeuDw==",
      "dev": true
    },
    "available-typed-arrays": {
      "version": "1.0.6",
      "resolved": "https://registry.npmjs.org/available-typed-arrays/-/available-typed-arrays-1.0.6.tgz",
      "integrity": "sha512-j1QzY8iPNPG4o4xmO3ptzpRxTciqD3MgEHtifP/YnJpIo58Xu+ne4BejlbkuaLfXn/nz6HFiw29bLpj2PNMdGg=="
    },
    "call-bind": {
      "version": "1.0.5",
      "resolved": "https://registry.npmjs.org/call-bind/-/call-bind-1.0.5.tgz",
      "integrity": "sha512-C3nQxfFZxFRVoJoGKKI8y3MOEo129NQ+FgQ08iye+Mk4zNZZGdjfs06bVTr+DBSlA66Q2VEcMki/cUCP4SercQ==",
      "requires": {
        "function-bind": "^1.1.2",
        "get-intrinsic": "^1.2.1",
        "set-function-length": "^1.1.1"
      }
    },
    "chai": {
      "version": "4.2.0",
      "resolved": "https://registry.npmjs.org/chai/-/chai-4.2.0.tgz",
      "integrity": "sha512-XQU3bhBukrOsQCuwZndwGcCVQHyZi53fQ6Ys1Fym7E4olpIqqZZhhoFJoaKVvV17lWQoXYwgWN2nF5crA8J2jw==",
      "dev": true,
      "requires": {
        "assertion-error": "^1.1.0",
        "check-error": "^1.0.2",
        "deep-eql": "^3.0.1",
        "get-func-name": "^2.0.0",
        "pathval": "^1.1.0",
        "type-detect": "^4.0.5"
      }
    },
    "chai-as-promised": {
      "version": "7.1.1",
      "resolved": "https://registry.npmjs.org/chai-as-promised/-/chai-as-promised-7.1.1.tgz",
      "integrity": "sha512-azL6xMoi+uxu6z4rhWQ1jbdUhOMhis2PvscD/xjLqNMkv3BPPp2JyyuTHOrf9BOosGpNQ11v6BKv/g57RXbiaA==",
      "dev": true,
      "requires": {
        "check-error": "^1.0.2"
      }
    },
    "check-error": {
      "version": "1.0.2",
      "resolved": "https://registry.npmjs.org/check-error/-/check-error-1.0.2.tgz",
      "integrity": "sha1-V00xLt2Iu13YkS6Sht1sCu1KrII=",
      "dev": true
    },
    "crc-32": {
      "version": "1.2.2",
      "resolved": "https://registry.npmjs.org/crc-32/-/crc-32-1.2.2.tgz",
      "integrity": "sha512-ROmzCKrTnOwybPcJApAA6WBWij23HVfGVNKqqrZpuyZOHqK2CwHSvpGuyt/UNNvaIjEd8X5IFGp4Mh+Ie1IHJQ=="
    },
    "cross-fetch": {
      "version": "4.0.0",
      "resolved": "https://registry.npmjs.org/cross-fetch/-/cross-fetch-4.0.0.tgz",
      "integrity": "sha512-e4a5N8lVvuLgAWgnCrLr2PP0YyDOTHa9H/Rj54dirp61qXnNq46m82bRhNqIA5VccJtWBvPTFRV3TtvHUKPB1g==",
      "requires": {
        "node-fetch": "^2.6.12"
      }
    },
    "deep-eql": {
      "version": "3.0.1",
      "resolved": "https://registry.npmjs.org/deep-eql/-/deep-eql-3.0.1.tgz",
      "integrity": "sha512-+QeIQyN5ZuO+3Uk5DYh6/1eKO0m0YmJFGNmFHGACpf1ClL1nmlV/p4gNgbl2pJGxgXb4faqo6UE+M5ACEMyVcw==",
      "dev": true,
      "requires": {
        "type-detect": "^4.0.0"
      }
    },
    "define-data-property": {
      "version": "1.1.1",
      "resolved": "https://registry.npmjs.org/define-data-property/-/define-data-property-1.1.1.tgz",
      "integrity": "sha512-E7uGkTzkk1d0ByLeSc6ZsFS79Axg+m1P/VsgYsxHgiuc3tFSj+MjMIwe90FC4lOAZzNBdY7kkO2P2wKdsQ1vgQ==",
      "requires": {
        "get-intrinsic": "^1.2.1",
        "gopd": "^1.0.1",
        "has-property-descriptors": "^1.0.0"
      }
    },
    "ethereum-cryptography": {
      "version": "2.1.3",
      "resolved": "https://registry.npmjs.org/ethereum-cryptography/-/ethereum-cryptography-2.1.3.tgz",
      "integrity": "sha512-BlwbIL7/P45W8FGW2r7LGuvoEZ+7PWsniMvQ4p5s2xCyw9tmaDlpfsN9HjAucbF+t/qpVHwZUisgfK24TCW8aA==",
      "requires": {
        "@noble/curves": "1.3.0",
        "@noble/hashes": "1.3.3",
        "@scure/bip32": "1.3.3",
        "@scure/bip39": "1.2.2"
      }
    },
    "for-each": {
      "version": "0.3.3",
      "resolved": "https://registry.npmjs.org/for-each/-/for-each-0.3.3.tgz",
      "integrity": "sha512-jqYfLp7mo9vIyQf8ykW2v7A+2N4QjeCeI5+Dz9XraiO1ign81wjiH7Fb9vSOWvQfNtmSa4H2RoQTrrXivdUZmw==",
      "requires": {
        "is-callable": "^1.1.3"
      }
    },
    "function-bind": {
      "version": "1.1.2",
      "resolved": "https://registry.npmjs.org/function-bind/-/function-bind-1.1.2.tgz",
      "integrity": "sha512-7XHNxH7qX9xG5mIwxkhumTox/MIRNcOgDrxWsMt2pAr23WHp6MrRlN7FBSFpCpr+oVO0F744iUgR82nJMfG2SA=="
    },
    "generate-function": {
      "version": "2.3.1",
      "resolved": "https://registry.npmjs.org/generate-function/-/generate-function-2.3.1.tgz",
      "integrity": "sha512-eeB5GfMNeevm/GRYq20ShmsaGcmI81kIX2K9XQx5miC8KdHaC6Jm0qQ8ZNeGOi7wYB8OsdxKs+Y2oVuTFuVwKQ==",
      "requires": {
        "is-property": "^1.0.2"
      }
    },
    "generate-object-property": {
      "version": "1.2.0",
      "resolved": "https://registry.npmjs.org/generate-object-property/-/generate-object-property-1.2.0.tgz",
      "integrity": "sha512-TuOwZWgJ2VAMEGJvAyPWvpqxSANF0LDpmyHauMjFYzaACvn+QTT/AZomvPCzVBV7yDN3OmwHQ5OvHaeLKre3JQ==",
      "requires": {
        "is-property": "^1.0.0"
      }
    },
    "get-func-name": {
      "version": "2.0.0",
      "resolved": "https://registry.npmjs.org/get-func-name/-/get-func-name-2.0.0.tgz",
      "integrity": "sha1-6td0q+5y4gQJQzoGY2YCPdaIekE=",
      "dev": true
    },
    "get-intrinsic": {
      "version": "1.2.2",
      "resolved": "https://registry.npmjs.org/get-intrinsic/-/get-intrinsic-1.2.2.tgz",
      "integrity": "sha512-0gSo4ml/0j98Y3lngkFEot/zhiCeWsbYIlZ+uZOVgzLyLaUw7wxUL+nCTP0XJvJg1AXulJRI3UJi8GsbDuxdGA==",
      "requires": {
        "function-bind": "^1.1.2",
        "has-proto": "^1.0.1",
        "has-symbols": "^1.0.3",
        "hasown": "^2.0.0"
      }
    },
    "gopd": {
      "version": "1.0.1",
      "resolved": "https://registry.npmjs.org/gopd/-/gopd-1.0.1.tgz",
      "integrity": "sha512-d65bNlIadxvpb/A2abVdlqKqV563juRnZ1Wtk6s1sIR8uNsXR70xqIzVqxVf1eTqDunwT2MkczEeaezCKTZhwA==",
      "requires": {
        "get-intrinsic": "^1.1.3"
      }
    },
    "has-property-descriptors": {
      "version": "1.0.1",
      "resolved": "https://registry.npmjs.org/has-property-descriptors/-/has-property-descriptors-1.0.1.tgz",
      "integrity": "sha512-VsX8eaIewvas0xnvinAe9bw4WfIeODpGYikiWYLH+dma0Jw6KHYqWiWfhQlgOVK8D6PvjubK5Uc4P0iIhIcNVg==",
      "requires": {
        "get-intrinsic": "^1.2.2"
      }
    },
    "has-proto": {
      "version": "1.0.1",
      "resolved": "https://registry.npmjs.org/has-proto/-/has-proto-1.0.1.tgz",
      "integrity": "sha512-7qE+iP+O+bgF9clE5+UoBFzE65mlBiVj3tKCrlNQ0Ogwm0BjpT/gK4SlLYDMybDh5I3TCTKnPPa0oMG7JDYrhg=="
    },
    "has-symbols": {
      "version": "1.0.3",
      "resolved": "https://registry.npmjs.org/has-symbols/-/has-symbols-1.0.3.tgz",
      "integrity": "sha512-l3LCuF6MgDNwTDKkdYGEihYjt5pRPbEg46rtlmnSPlUbgmB8LOIrKJbYYFBSbnPaJexMKtiPO8hmeRjRz2Td+A=="
    },
    "has-tostringtag": {
      "version": "1.0.2",
      "resolved": "https://registry.npmjs.org/has-tostringtag/-/has-tostringtag-1.0.2.tgz",
      "integrity": "sha512-NqADB8VjPFLM2V0VvHUewwwsw0ZWBaIdgo+ieHtK3hasLz4qeCRjYcqfB6AQrBggRKppKF8L52/VqdVsO47Dlw==",
      "requires": {
        "has-symbols": "^1.0.3"
      }
    },
    "hasown": {
      "version": "2.0.0",
      "resolved": "https://registry.npmjs.org/hasown/-/hasown-2.0.0.tgz",
      "integrity": "sha512-vUptKVTpIJhcczKBbgnS+RtcuYMB8+oNzPK2/Hp3hanz8JmpATdmmgLgSaadVREkDm+e2giHwY3ZRkyjSIDDFA==",
      "requires": {
        "function-bind": "^1.1.2"
      }
    },
    "inherits": {
      "version": "2.0.4",
      "resolved": "https://registry.npmjs.org/inherits/-/inherits-2.0.4.tgz",
      "integrity": "sha512-k/vGaX4/Yla3WzyMCvTQOXYeIHvqOKtnqBduzTHpzpQZzAskKMhZ2K+EnBiSM9zGSoIFeMpXKxa4dYeZIQqewQ=="
    },
    "is-arguments": {
      "version": "1.1.1",
      "resolved": "https://registry.npmjs.org/is-arguments/-/is-arguments-1.1.1.tgz",
      "integrity": "sha512-8Q7EARjzEnKpt/PCD7e1cgUS0a6X8u5tdSiMqXhojOdoV9TsMsiO+9VLC5vAmO8N7/GmXn7yjR8qnA6bVAEzfA==",
      "requires": {
        "call-bind": "^1.0.2",
        "has-tostringtag": "^1.0.0"
      }
    },
    "is-callable": {
      "version": "1.2.7",
      "resolved": "https://registry.npmjs.org/is-callable/-/is-callable-1.2.7.tgz",
      "integrity": "sha512-1BC0BVFhS/p0qtw6enp8e+8OD0UrK0oFLztSjNzhcKA3WDuJxxAPXzPuPtKkjEY9UUoEWlX/8fgKeu2S8i9JTA=="
    },
    "is-generator-function": {
      "version": "1.0.10",
      "resolved": "https://registry.npmjs.org/is-generator-function/-/is-generator-function-1.0.10.tgz",
      "integrity": "sha512-jsEjy9l3yiXEQ+PsXdmBwEPcOxaXWLspKdplFUVI9vq1iZgIekeC0L167qeu86czQaxed3q/Uzuw0swL0irL8A==",
      "requires": {
        "has-tostringtag": "^1.0.0"
      }
    },
    "is-my-ip-valid": {
      "version": "1.0.1",
      "resolved": "https://registry.npmjs.org/is-my-ip-valid/-/is-my-ip-valid-1.0.1.tgz",
      "integrity": "sha512-jxc8cBcOWbNK2i2aTkCZP6i7wkHF1bqKFrwEHuN5Jtg5BSaZHUZQ/JTOJwoV41YvHnOaRyWWh72T/KvfNz9DJg=="
    },
    "is-my-json-valid": {
      "version": "2.20.6",
      "resolved": "https://registry.npmjs.org/is-my-json-valid/-/is-my-json-valid-2.20.6.tgz",
      "integrity": "sha512-1JQwulVNjx8UqkPE/bqDaxtH4PXCe/2VRh/y3p99heOV87HG4Id5/VfDswd+YiAfHcRTfDlWgISycnHuhZq1aw==",
      "requires": {
        "generate-function": "^2.0.0",
        "generate-object-property": "^1.1.0",
        "is-my-ip-valid": "^1.0.0",
        "jsonpointer": "^5.0.0",
        "xtend": "^4.0.0"
      }
    },
    "is-property": {
      "version": "1.0.2",
      "resolved": "https://registry.npmjs.org/is-property/-/is-property-1.0.2.tgz",
      "integrity": "sha512-Ks/IoX00TtClbGQr4TWXemAnktAQvYB7HzcCxDGqEZU6oCmb2INHuOoKxbtR+HFkmYWBKv/dOZtGRiAjDhj92g=="
    },
    "is-typed-array": {
      "version": "1.1.13",
      "resolved": "https://registry.npmjs.org/is-typed-array/-/is-typed-array-1.1.13.tgz",
      "integrity": "sha512-uZ25/bUAlUY5fR4OKT4rZQEBrzQWYV9ZJYGGsUmEJ6thodVJ1HX64ePQ6Z0qPWP+m+Uq6e9UugrE38jeYsDSMw==",
      "requires": {
        "which-typed-array": "^1.1.14"
      }
    },
    "isomorphic-ws": {
      "version": "5.0.0",
      "resolved": "https://registry.npmjs.org/isomorphic-ws/-/isomorphic-ws-5.0.0.tgz",
      "integrity": "sha512-muId7Zzn9ywDsyXgTIafTry2sV3nySZeUDe6YedVd1Hvuuep5AsIlqK+XefWpYTyJG5e503F2xIuT2lcU6rCSw=="
    },
    "jsonpointer": {
      "version": "5.0.1",
      "resolved": "https://registry.npmjs.org/jsonpointer/-/jsonpointer-5.0.1.tgz",
      "integrity": "sha512-p/nXbhSEcu3pZRdkW1OfJhpsVtW1gd4Wa1fnQc9YLiTfAjn0312eMKimbdIQzuZl9aa9xUGaRlP9T/CJE/ditQ=="
    },
    "node-fetch": {
      "version": "2.7.0",
      "resolved": "https://registry.npmjs.org/node-fetch/-/node-fetch-2.7.0.tgz",
      "integrity": "sha512-c4FRfUm/dbcWZ7U+1Wq0AwCyFL+3nt2bEw05wfxSz+DWpWsitgmSgYmy2dQdWyKC1694ELPqMs/YzUSNozLt8A==",
      "requires": {
        "whatwg-url": "^5.0.0"
      }
    },
    "pathval": {
      "version": "1.1.0",
      "resolved": "https://registry.npmjs.org/pathval/-/pathval-1.1.0.tgz",
      "integrity": "sha1-uULm1L3mUwBe9rcTYd74cn0GReA=",
      "dev": true
    },
    "set-function-length": {
      "version": "1.2.0",
      "resolved": "https://registry.npmjs.org/set-function-length/-/set-function-length-1.2.0.tgz",
      "integrity": "sha512-4DBHDoyHlM1IRPGYcoxexgh67y4ueR53FKV1yyxwFMY7aCqcN/38M1+SwZ/qJQ8iLv7+ck385ot4CcisOAPT9w==",
      "requires": {
        "define-data-property": "^1.1.1",
        "function-bind": "^1.1.2",
        "get-intrinsic": "^1.2.2",
        "gopd": "^1.0.1",
        "has-property-descriptors": "^1.0.1"
      }
    },
    "setimmediate": {
      "version": "1.0.5",
      "resolved": "https://registry.npmjs.org/setimmediate/-/setimmediate-1.0.5.tgz",
      "integrity": "sha512-MATJdZp8sLqDl/68LfQmbP8zKPLQNV6BIZoIgrscFDQ+RsvK/BxeDQOgyxKKoh0y/8h3BqVFnCqQ/gd+reiIXA=="
    },
    "tr46": {
      "version": "0.0.3",
      "resolved": "https://registry.npmjs.org/tr46/-/tr46-0.0.3.tgz",
      "integrity": "sha512-N3WMsuqV66lT30CrXNbEjx4GEwlow3v6rr4mCcv6prnfwhS01rkgyFdjPNBYd9br7LpXV1+Emh01fHnq2Gdgrw=="
    },
    "type-detect": {
      "version": "4.0.8",
      "resolved": "https://registry.npmjs.org/type-detect/-/type-detect-4.0.8.tgz",
      "integrity": "sha512-0fr/mIH1dlO+x7TlcMy+bIDqKPsw/70tVyeHW787goQjhmqaZe10uwLujubK9q9Lg6Fiho1KUKDYz0Z7k7g5/g==",
      "dev": true
    },
    "undici-types": {
      "version": "5.26.5",
      "resolved": "https://registry.npmjs.org/undici-types/-/undici-types-5.26.5.tgz",
      "integrity": "sha512-JlCMO+ehdEIKqlFxk6IfVoAUVmgz7cU7zD/h9XZ0qzeosSHmUJVOzSQvvYSYWXkFXC+IfLKSIffhv0sVZup6pA=="
    },
    "util": {
      "version": "0.12.5",
      "resolved": "https://registry.npmjs.org/util/-/util-0.12.5.tgz",
      "integrity": "sha512-kZf/K6hEIrWHI6XqOFUiiMa+79wE/D8Q+NCNAWclkyg3b4d2k7s0QGepNjiABc+aR3N1PAyHL7p6UcLY6LmrnA==",
      "requires": {
        "inherits": "^2.0.3",
        "is-arguments": "^1.0.4",
        "is-generator-function": "^1.0.7",
        "is-typed-array": "^1.1.3",
        "which-typed-array": "^1.1.2"
      }
    },
    "web3": {
      "version": "4.0.1",
      "resolved": "https://registry.npmjs.org/web3/-/web3-4.0.1.tgz",
      "integrity": "sha512-IVxPbRy3A+RYB2+NYReNPLDXvE2iamTTvx1oNjM4UdbhNt/KQujQusOaRfSpGqfIKBCIYrim1c5LSCFcKlfQhA==",
      "requires": {
        "web3-core": "^4.0.1",
        "web3-errors": "^1.0.0",
        "web3-eth": "^4.0.1",
        "web3-eth-abi": "^4.0.1",
        "web3-eth-accounts": "^4.0.1",
        "web3-eth-contract": "^4.0.1",
        "web3-eth-ens": "^4.0.1",
        "web3-eth-iban": "^4.0.1",
        "web3-eth-personal": "^4.0.1",
        "web3-net": "^4.0.1",
        "web3-providers-http": "^4.0.1",
        "web3-providers-ws": "^4.0.1",
        "web3-rpc-methods": "^1.0.0",
        "web3-types": "^1.0.0",
        "web3-utils": "^4.0.1",
        "web3-validator": "^1.0.0"
      }
    },
    "web3-core": {
      "version": "4.3.2",
      "resolved": "https://registry.npmjs.org/web3-core/-/web3-core-4.3.2.tgz",
      "integrity": "sha512-uIMVd/j4BgOnwfpY8ZT+QKubOyM4xohEhFZXz9xB8wimXWMMlYVlIK/TbfHqFolS9uOerdSGhsMbcK9lETae8g==",
      "requires": {
        "web3-errors": "^1.1.4",
        "web3-eth-accounts": "^4.1.0",
        "web3-eth-iban": "^4.0.7",
        "web3-providers-http": "^4.1.0",
        "web3-providers-ipc": "^4.0.7",
        "web3-providers-ws": "^4.0.7",
        "web3-types": "^1.3.1",
        "web3-utils": "^4.1.0",
        "web3-validator": "^2.0.3"
      },
      "dependencies": {
        "web3-validator": {
          "version": "2.0.4",
          "resolved": "https://registry.npmjs.org/web3-validator/-/web3-validator-2.0.4.tgz",
          "integrity": "sha512-qRxVePwdW+SByOmTpDZFWHIUAa7PswvxNszrOua6BoGqAhERo5oJZBN+EbWtK/+O+ApNxt5FR3nCPmiZldiOQA==",
          "requires": {
            "ethereum-cryptography": "^2.0.0",
            "util": "^0.12.5",
            "web3-errors": "^1.1.4",
            "web3-types": "^1.3.1",
            "zod": "^3.21.4"
          }
        }
      }
    },
    "web3-errors": {
      "version": "1.1.4",
      "resolved": "https://registry.npmjs.org/web3-errors/-/web3-errors-1.1.4.tgz",
      "integrity": "sha512-WahtszSqILez+83AxGecVroyZsMuuRT+KmQp4Si5P4Rnqbczno1k748PCrZTS1J4UCPmXMG2/Vt+0Bz2zwXkwQ==",
      "requires": {
        "web3-types": "^1.3.1"
      }
    },
    "web3-eth": {
      "version": "4.4.0",
      "resolved": "https://registry.npmjs.org/web3-eth/-/web3-eth-4.4.0.tgz",
      "integrity": "sha512-HswKdzF44wUrciRAtEJaml9O7rDYDxElHmFs+27WcO3nel2zku+n0xs4e2ZAehfrCZ+05/y7TgnOZnaDU8Fb/A==",
      "requires": {
        "setimmediate": "^1.0.5",
        "web3-core": "^4.3.2",
        "web3-errors": "^1.1.4",
        "web3-eth-abi": "^4.2.0",
        "web3-eth-accounts": "^4.1.1",
        "web3-net": "^4.0.7",
        "web3-providers-ws": "^4.0.7",
        "web3-rpc-methods": "^1.1.4",
        "web3-types": "^1.3.1",
        "web3-utils": "^4.1.1",
        "web3-validator": "^2.0.4"
      },
      "dependencies": {
        "web3-validator": {
          "version": "2.0.4",
          "resolved": "https://registry.npmjs.org/web3-validator/-/web3-validator-2.0.4.tgz",
          "integrity": "sha512-qRxVePwdW+SByOmTpDZFWHIUAa7PswvxNszrOua6BoGqAhERo5oJZBN+EbWtK/+O+ApNxt5FR3nCPmiZldiOQA==",
          "requires": {
            "ethereum-cryptography": "^2.0.0",
            "util": "^0.12.5",
            "web3-errors": "^1.1.4",
            "web3-types": "^1.3.1",
            "zod": "^3.21.4"
          }
        }
      }
    },
    "web3-eth-abi": {
      "version": "4.2.0",
      "resolved": "https://registry.npmjs.org/web3-eth-abi/-/web3-eth-abi-4.2.0.tgz",
      "integrity": "sha512-x7dUCmk6th+5N63s5kUusoNtsDJKUUQgl9+jECvGTBOTiyHe/V6aOY0120FUjaAGaapOnR7BImQdhqHv6yT2YQ==",
      "requires": {
        "abitype": "0.7.1",
        "web3-errors": "^1.1.4",
        "web3-types": "^1.3.1",
        "web3-utils": "^4.1.1",
        "web3-validator": "^2.0.4"
      },
      "dependencies": {
        "web3-validator": {
          "version": "2.0.4",
          "resolved": "https://registry.npmjs.org/web3-validator/-/web3-validator-2.0.4.tgz",
          "integrity": "sha512-qRxVePwdW+SByOmTpDZFWHIUAa7PswvxNszrOua6BoGqAhERo5oJZBN+EbWtK/+O+ApNxt5FR3nCPmiZldiOQA==",
          "requires": {
            "ethereum-cryptography": "^2.0.0",
            "util": "^0.12.5",
            "web3-errors": "^1.1.4",
            "web3-types": "^1.3.1",
            "zod": "^3.21.4"
          }
        }
      }
    },
    "web3-eth-accounts": {
      "version": "4.1.1",
      "resolved": "https://registry.npmjs.org/web3-eth-accounts/-/web3-eth-accounts-4.1.1.tgz",
      "integrity": "sha512-9JqhRi1YhO1hQOEmmBHgEGsME/B1FHMxpA/AK3vhpvQ8QeP6KbJW+cForTLfPpUbkmPxnRunG4PNNaETNlZfrA==",
      "requires": {
        "@ethereumjs/rlp": "^4.0.1",
        "crc-32": "^1.2.2",
        "ethereum-cryptography": "^2.0.0",
        "web3-errors": "^1.1.4",
        "web3-types": "^1.3.1",
        "web3-utils": "^4.1.1",
        "web3-validator": "^2.0.4"
      },
      "dependencies": {
        "web3-validator": {
          "version": "2.0.4",
          "resolved": "https://registry.npmjs.org/web3-validator/-/web3-validator-2.0.4.tgz",
          "integrity": "sha512-qRxVePwdW+SByOmTpDZFWHIUAa7PswvxNszrOua6BoGqAhERo5oJZBN+EbWtK/+O+ApNxt5FR3nCPmiZldiOQA==",
          "requires": {
            "ethereum-cryptography": "^2.0.0",
            "util": "^0.12.5",
            "web3-errors": "^1.1.4",
            "web3-types": "^1.3.1",
            "zod": "^3.21.4"
          }
        }
      }
    },
    "web3-eth-contract": {
      "version": "4.2.0",
      "resolved": "https://registry.npmjs.org/web3-eth-contract/-/web3-eth-contract-4.2.0.tgz",
      "integrity": "sha512-K7bUypsomTs8/Oa0Lgvq5plsSB5afgKJ79NMuXxvC5jfV+AxNrQyKcr5Vd5yEGNqrdQuIPduGQa8DpuY+rMe1g==",
      "requires": {
        "web3-core": "^4.3.2",
        "web3-errors": "^1.1.4",
        "web3-eth": "^4.4.0",
        "web3-eth-abi": "^4.2.0",
        "web3-types": "^1.3.1",
        "web3-utils": "^4.1.1",
        "web3-validator": "^2.0.4"
      },
      "dependencies": {
        "web3-validator": {
          "version": "2.0.4",
          "resolved": "https://registry.npmjs.org/web3-validator/-/web3-validator-2.0.4.tgz",
          "integrity": "sha512-qRxVePwdW+SByOmTpDZFWHIUAa7PswvxNszrOua6BoGqAhERo5oJZBN+EbWtK/+O+ApNxt5FR3nCPmiZldiOQA==",
          "requires": {
            "ethereum-cryptography": "^2.0.0",
            "util": "^0.12.5",
            "web3-errors": "^1.1.4",
            "web3-types": "^1.3.1",
            "zod": "^3.21.4"
          }
        }
      }
    },
    "web3-eth-ens": {
      "version": "4.0.8",
      "resolved": "https://registry.npmjs.org/web3-eth-ens/-/web3-eth-ens-4.0.8.tgz",
      "integrity": "sha512-nj0JfeD45BbzVJcVYpUJnSo8iwDcY9CQ7CZhhIVVOFjvpMAPw0zEwjTvZEIQyCW61OoDG9xcBzwxe2tZoYhMRw==",
      "requires": {
        "@adraffy/ens-normalize": "^1.8.8",
        "web3-core": "^4.3.0",
        "web3-errors": "^1.1.3",
        "web3-eth": "^4.3.1",
        "web3-eth-contract": "^4.1.2",
        "web3-net": "^4.0.7",
        "web3-types": "^1.3.0",
        "web3-utils": "^4.0.7",
        "web3-validator": "^2.0.3"
      },
      "dependencies": {
        "web3-validator": {
          "version": "2.0.4",
          "resolved": "https://registry.npmjs.org/web3-validator/-/web3-validator-2.0.4.tgz",
          "integrity": "sha512-qRxVePwdW+SByOmTpDZFWHIUAa7PswvxNszrOua6BoGqAhERo5oJZBN+EbWtK/+O+ApNxt5FR3nCPmiZldiOQA==",
          "requires": {
            "ethereum-cryptography": "^2.0.0",
            "util": "^0.12.5",
            "web3-errors": "^1.1.4",
            "web3-types": "^1.3.1",
            "zod": "^3.21.4"
          }
        }
      }
    },
    "web3-eth-iban": {
      "version": "4.0.7",
      "resolved": "https://registry.npmjs.org/web3-eth-iban/-/web3-eth-iban-4.0.7.tgz",
      "integrity": "sha512-8weKLa9KuKRzibC87vNLdkinpUE30gn0IGY027F8doeJdcPUfsa4IlBgNC4k4HLBembBB2CTU0Kr/HAOqMeYVQ==",
      "requires": {
        "web3-errors": "^1.1.3",
        "web3-types": "^1.3.0",
        "web3-utils": "^4.0.7",
        "web3-validator": "^2.0.3"
      },
      "dependencies": {
        "web3-validator": {
          "version": "2.0.4",
          "resolved": "https://registry.npmjs.org/web3-validator/-/web3-validator-2.0.4.tgz",
          "integrity": "sha512-qRxVePwdW+SByOmTpDZFWHIUAa7PswvxNszrOua6BoGqAhERo5oJZBN+EbWtK/+O+ApNxt5FR3nCPmiZldiOQA==",
          "requires": {
            "ethereum-cryptography": "^2.0.0",
            "util": "^0.12.5",
            "web3-errors": "^1.1.4",
            "web3-types": "^1.3.1",
            "zod": "^3.21.4"
          }
        }
      }
    },
    "web3-eth-personal": {
      "version": "4.0.8",
      "resolved": "https://registry.npmjs.org/web3-eth-personal/-/web3-eth-personal-4.0.8.tgz",
      "integrity": "sha512-sXeyLKJ7ddQdMxz1BZkAwImjqh7OmKxhXoBNF3isDmD4QDpMIwv/t237S3q4Z0sZQamPa/pHebJRWVuvP8jZdw==",
      "requires": {
        "web3-core": "^4.3.0",
        "web3-eth": "^4.3.1",
        "web3-rpc-methods": "^1.1.3",
        "web3-types": "^1.3.0",
        "web3-utils": "^4.0.7",
        "web3-validator": "^2.0.3"
      },
      "dependencies": {
        "web3-validator": {
          "version": "2.0.4",
          "resolved": "https://registry.npmjs.org/web3-validator/-/web3-validator-2.0.4.tgz",
          "integrity": "sha512-qRxVePwdW+SByOmTpDZFWHIUAa7PswvxNszrOua6BoGqAhERo5oJZBN+EbWtK/+O+ApNxt5FR3nCPmiZldiOQA==",
          "requires": {
            "ethereum-cryptography": "^2.0.0",
            "util": "^0.12.5",
            "web3-errors": "^1.1.4",
            "web3-types": "^1.3.1",
            "zod": "^3.21.4"
          }
        }
      }
    },
    "web3-net": {
      "version": "4.0.7",
      "resolved": "https://registry.npmjs.org/web3-net/-/web3-net-4.0.7.tgz",
      "integrity": "sha512-SzEaXFrBjY25iQGk5myaOfO9ZyfTwQEa4l4Ps4HDNVMibgZji3WPzpjq8zomVHMwi8bRp6VV7YS71eEsX7zLow==",
      "requires": {
        "web3-core": "^4.3.0",
        "web3-rpc-methods": "^1.1.3",
        "web3-types": "^1.3.0",
        "web3-utils": "^4.0.7"
      }
    },
    "web3-providers-http": {
      "version": "4.1.0",
      "resolved": "https://registry.npmjs.org/web3-providers-http/-/web3-providers-http-4.1.0.tgz",
      "integrity": "sha512-6qRUGAhJfVQM41E5t+re5IHYmb5hSaLc02BE2MaRQsz2xKA6RjmHpOA5h/+ojJxEpI9NI2CrfDKOAgtJfoUJQg==",
      "requires": {
        "cross-fetch": "^4.0.0",
        "web3-errors": "^1.1.3",
        "web3-types": "^1.3.0",
        "web3-utils": "^4.0.7"
      }
    },
    "web3-providers-ipc": {
      "version": "4.0.7",
      "resolved": "https://registry.npmjs.org/web3-providers-ipc/-/web3-providers-ipc-4.0.7.tgz",
      "integrity": "sha512-YbNqY4zUvIaK2MHr1lQFE53/8t/ejHtJchrWn9zVbFMGXlTsOAbNoIoZWROrg1v+hCBvT2c9z8xt7e/+uz5p1g==",
      "optional": true,
      "requires": {
        "web3-errors": "^1.1.3",
        "web3-types": "^1.3.0",
        "web3-utils": "^4.0.7"
      }
    },
    "web3-providers-ws": {
      "version": "4.0.7",
      "resolved": "https://registry.npmjs.org/web3-providers-ws/-/web3-providers-ws-4.0.7.tgz",
      "integrity": "sha512-n4Dal9/rQWjS7d6LjyEPM2R458V8blRm0eLJupDEJOOIBhGYlxw5/4FthZZ/cqB7y/sLVi7K09DdYx2MeRtU5w==",
      "requires": {
        "@types/ws": "8.5.3",
        "isomorphic-ws": "^5.0.0",
        "web3-errors": "^1.1.3",
        "web3-types": "^1.3.0",
        "web3-utils": "^4.0.7",
        "ws": "^8.8.1"
      }
    },
    "web3-rpc-methods": {
      "version": "1.1.4",
      "resolved": "https://registry.npmjs.org/web3-rpc-methods/-/web3-rpc-methods-1.1.4.tgz",
      "integrity": "sha512-LTFNg4LFaeU8K9ecuT8fHDp/LOXyxCneeZjCrRYIW1u82Ly52SrY55FIzMIISGoG/iT5Wh7UiHOB3CQsWLBmbQ==",
      "requires": {
        "web3-core": "^4.3.2",
        "web3-types": "^1.3.1",
        "web3-validator": "^2.0.3"
      },
      "dependencies": {
        "web3-validator": {
          "version": "2.0.4",
          "resolved": "https://registry.npmjs.org/web3-validator/-/web3-validator-2.0.4.tgz",
          "integrity": "sha512-qRxVePwdW+SByOmTpDZFWHIUAa7PswvxNszrOua6BoGqAhERo5oJZBN+EbWtK/+O+ApNxt5FR3nCPmiZldiOQA==",
          "requires": {
            "ethereum-cryptography": "^2.0.0",
            "util": "^0.12.5",
            "web3-errors": "^1.1.4",
            "web3-types": "^1.3.1",
            "zod": "^3.21.4"
          }
        }
      }
    },
    "web3-types": {
      "version": "1.3.1",
      "resolved": "https://registry.npmjs.org/web3-types/-/web3-types-1.3.1.tgz",
      "integrity": "sha512-8fXi7h/t95VKRtgU4sxprLPZpsTh3jYDfSghshIDBgUD/OoGe5S+syP24SUzBZYllZ/L+hMr2gdp/0bGJa8pYQ=="
    },
    "web3-utils": {
      "version": "4.1.1",
      "resolved": "https://registry.npmjs.org/web3-utils/-/web3-utils-4.1.1.tgz",
      "integrity": "sha512-5AOmLKH6QuwHunLCNdVFlPSDE+T88bJYRQP+HWYoKNbI4STALCYQiJvj7LXE+Ed6cPfqANaK/LwKNbMPLCPFwA==",
      "requires": {
        "ethereum-cryptography": "^2.0.0",
        "web3-errors": "^1.1.4",
        "web3-types": "^1.3.1",
        "web3-validator": "^2.0.4"
      },
      "dependencies": {
        "web3-validator": {
          "version": "2.0.4",
          "resolved": "https://registry.npmjs.org/web3-validator/-/web3-validator-2.0.4.tgz",
          "integrity": "sha512-qRxVePwdW+SByOmTpDZFWHIUAa7PswvxNszrOua6BoGqAhERo5oJZBN+EbWtK/+O+ApNxt5FR3nCPmiZldiOQA==",
          "requires": {
            "ethereum-cryptography": "^2.0.0",
            "util": "^0.12.5",
            "web3-errors": "^1.1.4",
            "web3-types": "^1.3.1",
            "zod": "^3.21.4"
          }
        }
      }
    },
    "web3-validator": {
      "version": "1.0.2",
      "resolved": "https://registry.npmjs.org/web3-validator/-/web3-validator-1.0.2.tgz",
      "integrity": "sha512-orx1CQAEnwJUnl/8iF2II2zSA4wiooNJvFmVE0Dbmt/kE370SugIDViQP76snhxtouG2AXzz4GyKbPCMlLGh/A==",
      "requires": {
        "ethereum-cryptography": "^2.0.0",
        "is-my-json-valid": "^2.20.6",
        "util": "^0.12.5",
        "web3-errors": "^1.0.2",
        "web3-types": "^1.0.2"
      }
    },
    "webidl-conversions": {
      "version": "3.0.1",
      "resolved": "https://registry.npmjs.org/webidl-conversions/-/webidl-conversions-3.0.1.tgz",
      "integrity": "sha512-2JAn3z8AR6rjK8Sm8orRC0h/bcl/DqL7tRPdGZ4I1CjdF+EaMLmYxBHyXuKL849eucPFhvBoxMsflfOb8kxaeQ=="
    },
    "whatwg-url": {
      "version": "5.0.0",
      "resolved": "https://registry.npmjs.org/whatwg-url/-/whatwg-url-5.0.0.tgz",
      "integrity": "sha512-saE57nupxk6v3HY35+jzBwYa0rKSy0XR8JSxZPwgLr7ys0IBzhGviA1/TUGJLmSVqs8pb9AnvICXEuOHLprYTw==",
      "requires": {
        "tr46": "~0.0.3",
        "webidl-conversions": "^3.0.0"
      }
    },
    "which-typed-array": {
      "version": "1.1.14",
      "resolved": "https://registry.npmjs.org/which-typed-array/-/which-typed-array-1.1.14.tgz",
      "integrity": "sha512-VnXFiIW8yNn9kIHN88xvZ4yOWchftKDsRJ8fEPacX/wl1lOvBrhsJ/OeJCXq7B0AaijRuqgzSKalJoPk+D8MPg==",
      "requires": {
        "available-typed-arrays": "^1.0.6",
        "call-bind": "^1.0.5",
        "for-each": "^0.3.3",
        "gopd": "^1.0.1",
        "has-tostringtag": "^1.0.1"
      }
    },
    "ws": {
      "version": "8.16.0",
      "resolved": "https://registry.npmjs.org/ws/-/ws-8.16.0.tgz",
      "integrity": "sha512-HS0c//TP7Ina87TfiPUz1rQzMhHrl/SG2guqRcTOIUYD2q8uhUdNHZYJUaQ8aTGPzCh+c6oawMKW35nFl1dxyQ=="
    },
    "xtend": {
      "version": "4.0.2",
      "resolved": "https://registry.npmjs.org/xtend/-/xtend-4.0.2.tgz",
      "integrity": "sha512-LKYU1iAXJXUgAXn9URjiu+MWhyUXHsvfp7mcuYm9dSUKK0/CjtrUwFAxD82/mCWbtLsGjFIad0wIsod4zrTAEQ=="
    },
    "zod": {
      "version": "3.22.4",
      "resolved": "https://registry.npmjs.org/zod/-/zod-3.22.4.tgz",
      "integrity": "sha512-iC+8Io04lddc+mVqQ9AZ7OQ2MrUKGN+oIQyq1vemgt46jwCwLfhq7/pwnBnNXXXZb8VTVLKwp9EDkx+ryxIWmg=="
    }
  }
}
